
Microsoft Visual Studio Solution File, Format Version 12.00
# Visual Studio 14
VisualStudioVersion = 14.0.25420.1
MinimumVisualStudioVersion = 10.0.40219.1
Project("{FAE04EC0-301F-11D3-BF4B-00C04F79EFBC}") = "RestaurantBilling.Core", "RestaurantBilling.Core\RestaurantBilling.Core.csproj", "{21DAB85F-BF30-4669-8B46-60EBC7F46950}"
EndProject
Project("{FAE04EC0-301F-11D3-BF4B-00C04F79EFBC}") = "RestaurantBilling.UI.Droid", "RestaurantBilling.UI.Droid\RestaurantBilling.UI.Droid.csproj", "{C06D4364-1B0E-4F99-ABD1-4D62DD3B212C}"
EndProject
Project("{FAE04EC0-301F-11D3-BF4B-00C04F79EFBC}") = "RestaurantBilling.UI.iOS", "RestaurantBilling.UI.iOS\RestaurantBilling.UI.iOS.csproj", "{F5456319-C408-4CD1-A3DF-91017C602CBB}"
EndProject
Project("{FAE04EC0-301F-11D3-BF4B-00C04F79EFBC}") = "RestaurantBilling.UI.UWP", "RestaurantBilling.UI.UWP\RestaurantBilling.UI.UWP.csproj", "{9FC07A4C-CFB8-4F5E-929F-9DCB90B85804}"
EndProject
Project("{FAE04EC0-301F-11D3-BF4B-00C04F79EFBC}") = "RestaurantBilling.UI.WPF", "RestaurantBilling.UI.WPF\RestaurantBilling.UI.WPF.csproj", "{84189EE3-AD01-4207-A355-4C1867B773B4}"
EndProject
Global
	GlobalSection(SolutionConfigurationPlatforms) = preSolution
		Ad-Hoc|Any CPU = Ad-Hoc|Any CPU
		Ad-Hoc|ARM = Ad-Hoc|ARM
		Ad-Hoc|iPhone = Ad-Hoc|iPhone
		Ad-Hoc|iPhoneSimulator = Ad-Hoc|iPhoneSimulator
		Ad-Hoc|x64 = Ad-Hoc|x64
		Ad-Hoc|x86 = Ad-Hoc|x86
		AppStore|Any CPU = AppStore|Any CPU
		AppStore|ARM = AppStore|ARM
		AppStore|iPhone = AppStore|iPhone
		AppStore|iPhoneSimulator = AppStore|iPhoneSimulator
		AppStore|x64 = AppStore|x64
		AppStore|x86 = AppStore|x86
		Debug|Any CPU = Debug|Any CPU
		Debug|ARM = Debug|ARM
		Debug|iPhone = Debug|iPhone
		Debug|iPhoneSimulator = Debug|iPhoneSimulator
		Debug|x64 = Debug|x64
		Debug|x86 = Debug|x86
		Release|Any CPU = Release|Any CPU
		Release|ARM = Release|ARM
		Release|iPhone = Release|iPhone
		Release|iPhoneSimulator = Release|iPhoneSimulator
		Release|x64 = Release|x64
		Release|x86 = Release|x86
	EndGlobalSection
	GlobalSection(ProjectConfigurationPlatforms) = postSolution
		{21DAB85F-BF30-4669-8B46-60EBC7F46950}.Ad-Hoc|Any CPU.ActiveCfg = Release|Any CPU
		{21DAB85F-BF30-4669-8B46-60EBC7F46950}.Ad-Hoc|Any CPU.Build.0 = Release|Any CPU
		{21DAB85F-BF30-4669-8B46-60EBC7F46950}.Ad-Hoc|ARM.ActiveCfg = Debug|Any CPU
		{21DAB85F-BF30-4669-8B46-60EBC7F46950}.Ad-Hoc|ARM.Build.0 = Debug|Any CPU
		{21DAB85F-BF30-4669-8B46-60EBC7F46950}.Ad-Hoc|iPhone.ActiveCfg = Release|Any CPU
		{21DAB85F-BF30-4669-8B46-60EBC7F46950}.Ad-Hoc|iPhone.Build.0 = Release|Any CPU
		{21DAB85F-BF30-4669-8B46-60EBC7F46950}.Ad-Hoc|iPhoneSimulator.ActiveCfg = Release|Any CPU
		{21DAB85F-BF30-4669-8B46-60EBC7F46950}.Ad-Hoc|iPhoneSimulator.Build.0 = Release|Any CPU
		{21DAB85F-BF30-4669-8B46-60EBC7F46950}.Ad-Hoc|x64.ActiveCfg = Debug|Any CPU
		{21DAB85F-BF30-4669-8B46-60EBC7F46950}.Ad-Hoc|x64.Build.0 = Debug|Any CPU
		{21DAB85F-BF30-4669-8B46-60EBC7F46950}.Ad-Hoc|x86.ActiveCfg = Debug|Any CPU
		{21DAB85F-BF30-4669-8B46-60EBC7F46950}.Ad-Hoc|x86.Build.0 = Debug|Any CPU
		{21DAB85F-BF30-4669-8B46-60EBC7F46950}.AppStore|Any CPU.ActiveCfg = Release|Any CPU
		{21DAB85F-BF30-4669-8B46-60EBC7F46950}.AppStore|Any CPU.Build.0 = Release|Any CPU
		{21DAB85F-BF30-4669-8B46-60EBC7F46950}.AppStore|ARM.ActiveCfg = Debug|Any CPU
		{21DAB85F-BF30-4669-8B46-60EBC7F46950}.AppStore|ARM.Build.0 = Debug|Any CPU
		{21DAB85F-BF30-4669-8B46-60EBC7F46950}.AppStore|iPhone.ActiveCfg = Release|Any CPU
		{21DAB85F-BF30-4669-8B46-60EBC7F46950}.AppStore|iPhone.Build.0 = Release|Any CPU
		{21DAB85F-BF30-4669-8B46-60EBC7F46950}.AppStore|iPhoneSimulator.ActiveCfg = Release|Any CPU
		{21DAB85F-BF30-4669-8B46-60EBC7F46950}.AppStore|iPhoneSimulator.Build.0 = Release|Any CPU
		{21DAB85F-BF30-4669-8B46-60EBC7F46950}.AppStore|x64.ActiveCfg = Debug|Any CPU
		{21DAB85F-BF30-4669-8B46-60EBC7F46950}.AppStore|x64.Build.0 = Debug|Any CPU
		{21DAB85F-BF30-4669-8B46-60EBC7F46950}.AppStore|x86.ActiveCfg = Debug|Any CPU
		{21DAB85F-BF30-4669-8B46-60EBC7F46950}.AppStore|x86.Build.0 = Debug|Any CPU
		{21DAB85F-BF30-4669-8B46-60EBC7F46950}.Debug|Any CPU.ActiveCfg = Debug|Any CPU
		{21DAB85F-BF30-4669-8B46-60EBC7F46950}.Debug|Any CPU.Build.0 = Debug|Any CPU
		{21DAB85F-BF30-4669-8B46-60EBC7F46950}.Debug|ARM.ActiveCfg = Debug|Any CPU
		{21DAB85F-BF30-4669-8B46-60EBC7F46950}.Debug|ARM.Build.0 = Debug|Any CPU
		{21DAB85F-BF30-4669-8B46-60EBC7F46950}.Debug|iPhone.ActiveCfg = Debug|Any CPU
		{21DAB85F-BF30-4669-8B46-60EBC7F46950}.Debug|iPhone.Build.0 = Debug|Any CPU
		{21DAB85F-BF30-4669-8B46-60EBC7F46950}.Debug|iPhoneSimulator.ActiveCfg = Debug|Any CPU
		{21DAB85F-BF30-4669-8B46-60EBC7F46950}.Debug|iPhoneSimulator.Build.0 = Debug|Any CPU
		{21DAB85F-BF30-4669-8B46-60EBC7F46950}.Debug|x64.ActiveCfg = Debug|Any CPU
		{21DAB85F-BF30-4669-8B46-60EBC7F46950}.Debug|x64.Build.0 = Debug|Any CPU
		{21DAB85F-BF30-4669-8B46-60EBC7F46950}.Debug|x86.ActiveCfg = Debug|Any CPU
		{21DAB85F-BF30-4669-8B46-60EBC7F46950}.Debug|x86.Build.0 = Debug|Any CPU
		{21DAB85F-BF30-4669-8B46-60EBC7F46950}.Release|Any CPU.ActiveCfg = Release|Any CPU
		{21DAB85F-BF30-4669-8B46-60EBC7F46950}.Release|Any CPU.Build.0 = Release|Any CPU
		{21DAB85F-BF30-4669-8B46-60EBC7F46950}.Release|ARM.ActiveCfg = Release|Any CPU
		{21DAB85F-BF30-4669-8B46-60EBC7F46950}.Release|ARM.Build.0 = Release|Any CPU
		{21DAB85F-BF30-4669-8B46-60EBC7F46950}.Release|iPhone.ActiveCfg = Release|Any CPU
		{21DAB85F-BF30-4669-8B46-60EBC7F46950}.Release|iPhone.Build.0 = Release|Any CPU
		{21DAB85F-BF30-4669-8B46-60EBC7F46950}.Release|iPhoneSimulator.ActiveCfg = Release|Any CPU
		{21DAB85F-BF30-4669-8B46-60EBC7F46950}.Release|iPhoneSimulator.Build.0 = Release|Any CPU
		{21DAB85F-BF30-4669-8B46-60EBC7F46950}.Release|x64.ActiveCfg = Release|Any CPU
		{21DAB85F-BF30-4669-8B46-60EBC7F46950}.Release|x64.Build.0 = Release|Any CPU
		{21DAB85F-BF30-4669-8B46-60EBC7F46950}.Release|x86.ActiveCfg = Release|Any CPU
		{21DAB85F-BF30-4669-8B46-60EBC7F46950}.Release|x86.Build.0 = Release|Any CPU
		{C06D4364-1B0E-4F99-ABD1-4D62DD3B212C}.Ad-Hoc|Any CPU.ActiveCfg = Release|Any CPU
		{C06D4364-1B0E-4F99-ABD1-4D62DD3B212C}.Ad-Hoc|Any CPU.Build.0 = Release|Any CPU
		{C06D4364-1B0E-4F99-ABD1-4D62DD3B212C}.Ad-Hoc|Any CPU.Deploy.0 = Release|Any CPU
		{C06D4364-1B0E-4F99-ABD1-4D62DD3B212C}.Ad-Hoc|ARM.ActiveCfg = Debug|Any CPU
		{C06D4364-1B0E-4F99-ABD1-4D62DD3B212C}.Ad-Hoc|ARM.Build.0 = Debug|Any CPU
		{C06D4364-1B0E-4F99-ABD1-4D62DD3B212C}.Ad-Hoc|ARM.Deploy.0 = Debug|Any CPU
		{C06D4364-1B0E-4F99-ABD1-4D62DD3B212C}.Ad-Hoc|iPhone.ActiveCfg = Release|Any CPU
		{C06D4364-1B0E-4F99-ABD1-4D62DD3B212C}.Ad-Hoc|iPhone.Build.0 = Release|Any CPU
		{C06D4364-1B0E-4F99-ABD1-4D62DD3B212C}.Ad-Hoc|iPhone.Deploy.0 = Release|Any CPU
		{C06D4364-1B0E-4F99-ABD1-4D62DD3B212C}.Ad-Hoc|iPhoneSimulator.ActiveCfg = Release|Any CPU
		{C06D4364-1B0E-4F99-ABD1-4D62DD3B212C}.Ad-Hoc|iPhoneSimulator.Build.0 = Release|Any CPU
		{C06D4364-1B0E-4F99-ABD1-4D62DD3B212C}.Ad-Hoc|iPhoneSimulator.Deploy.0 = Release|Any CPU
		{C06D4364-1B0E-4F99-ABD1-4D62DD3B212C}.Ad-Hoc|x64.ActiveCfg = Debug|Any CPU
		{C06D4364-1B0E-4F99-ABD1-4D62DD3B212C}.Ad-Hoc|x64.Build.0 = Debug|Any CPU
		{C06D4364-1B0E-4F99-ABD1-4D62DD3B212C}.Ad-Hoc|x64.Deploy.0 = Debug|Any CPU
		{C06D4364-1B0E-4F99-ABD1-4D62DD3B212C}.Ad-Hoc|x86.ActiveCfg = Debug|Any CPU
		{C06D4364-1B0E-4F99-ABD1-4D62DD3B212C}.Ad-Hoc|x86.Build.0 = Debug|Any CPU
		{C06D4364-1B0E-4F99-ABD1-4D62DD3B212C}.Ad-Hoc|x86.Deploy.0 = Debug|Any CPU
		{C06D4364-1B0E-4F99-ABD1-4D62DD3B212C}.AppStore|Any CPU.ActiveCfg = Release|Any CPU
		{C06D4364-1B0E-4F99-ABD1-4D62DD3B212C}.AppStore|Any CPU.Build.0 = Release|Any CPU
		{C06D4364-1B0E-4F99-ABD1-4D62DD3B212C}.AppStore|Any CPU.Deploy.0 = Release|Any CPU
		{C06D4364-1B0E-4F99-ABD1-4D62DD3B212C}.AppStore|ARM.ActiveCfg = Debug|Any CPU
		{C06D4364-1B0E-4F99-ABD1-4D62DD3B212C}.AppStore|ARM.Build.0 = Debug|Any CPU
		{C06D4364-1B0E-4F99-ABD1-4D62DD3B212C}.AppStore|ARM.Deploy.0 = Debug|Any CPU
		{C06D4364-1B0E-4F99-ABD1-4D62DD3B212C}.AppStore|iPhone.ActiveCfg = Release|Any CPU
		{C06D4364-1B0E-4F99-ABD1-4D62DD3B212C}.AppStore|iPhone.Build.0 = Release|Any CPU
		{C06D4364-1B0E-4F99-ABD1-4D62DD3B212C}.AppStore|iPhone.Deploy.0 = Release|Any CPU
		{C06D4364-1B0E-4F99-ABD1-4D62DD3B212C}.AppStore|iPhoneSimulator.ActiveCfg = Release|Any CPU
		{C06D4364-1B0E-4F99-ABD1-4D62DD3B212C}.AppStore|iPhoneSimulator.Build.0 = Release|Any CPU
		{C06D4364-1B0E-4F99-ABD1-4D62DD3B212C}.AppStore|iPhoneSimulator.Deploy.0 = Release|Any CPU
		{C06D4364-1B0E-4F99-ABD1-4D62DD3B212C}.AppStore|x64.ActiveCfg = Debug|Any CPU
		{C06D4364-1B0E-4F99-ABD1-4D62DD3B212C}.AppStore|x64.Build.0 = Debug|Any CPU
		{C06D4364-1B0E-4F99-ABD1-4D62DD3B212C}.AppStore|x64.Deploy.0 = Debug|Any CPU
		{C06D4364-1B0E-4F99-ABD1-4D62DD3B212C}.AppStore|x86.ActiveCfg = Debug|Any CPU
		{C06D4364-1B0E-4F99-ABD1-4D62DD3B212C}.AppStore|x86.Build.0 = Debug|Any CPU
		{C06D4364-1B0E-4F99-ABD1-4D62DD3B212C}.AppStore|x86.Deploy.0 = Debug|Any CPU
		{C06D4364-1B0E-4F99-ABD1-4D62DD3B212C}.Debug|Any CPU.ActiveCfg = Debug|Any CPU
		{C06D4364-1B0E-4F99-ABD1-4D62DD3B212C}.Debug|Any CPU.Build.0 = Debug|Any CPU
		{C06D4364-1B0E-4F99-ABD1-4D62DD3B212C}.Debug|Any CPU.Deploy.0 = Debug|Any CPU
		{C06D4364-1B0E-4F99-ABD1-4D62DD3B212C}.Debug|ARM.ActiveCfg = Debug|Any CPU
		{C06D4364-1B0E-4F99-ABD1-4D62DD3B212C}.Debug|ARM.Build.0 = Debug|Any CPU
		{C06D4364-1B0E-4F99-ABD1-4D62DD3B212C}.Debug|ARM.Deploy.0 = Debug|Any CPU
		{C06D4364-1B0E-4F99-ABD1-4D62DD3B212C}.Debug|iPhone.ActiveCfg = Debug|Any CPU
		{C06D4364-1B0E-4F99-ABD1-4D62DD3B212C}.Debug|iPhone.Build.0 = Debug|Any CPU
		{C06D4364-1B0E-4F99-ABD1-4D62DD3B212C}.Debug|iPhone.Deploy.0 = Debug|Any CPU
		{C06D4364-1B0E-4F99-ABD1-4D62DD3B212C}.Debug|iPhoneSimulator.ActiveCfg = Debug|Any CPU
		{C06D4364-1B0E-4F99-ABD1-4D62DD3B212C}.Debug|iPhoneSimulator.Build.0 = Debug|Any CPU
		{C06D4364-1B0E-4F99-ABD1-4D62DD3B212C}.Debug|iPhoneSimulator.Deploy.0 = Debug|Any CPU
		{C06D4364-1B0E-4F99-ABD1-4D62DD3B212C}.Debug|x64.ActiveCfg = Debug|Any CPU
		{C06D4364-1B0E-4F99-ABD1-4D62DD3B212C}.Debug|x64.Build.0 = Debug|Any CPU
		{C06D4364-1B0E-4F99-ABD1-4D62DD3B212C}.Debug|x64.Deploy.0 = Debug|Any CPU
		{C06D4364-1B0E-4F99-ABD1-4D62DD3B212C}.Debug|x86.ActiveCfg = Debug|Any CPU
		{C06D4364-1B0E-4F99-ABD1-4D62DD3B212C}.Debug|x86.Build.0 = Debug|Any CPU
		{C06D4364-1B0E-4F99-ABD1-4D62DD3B212C}.Debug|x86.Deploy.0 = Debug|Any CPU
		{C06D4364-1B0E-4F99-ABD1-4D62DD3B212C}.Release|Any CPU.ActiveCfg = Release|Any CPU
		{C06D4364-1B0E-4F99-ABD1-4D62DD3B212C}.Release|Any CPU.Build.0 = Release|Any CPU
		{C06D4364-1B0E-4F99-ABD1-4D62DD3B212C}.Release|Any CPU.Deploy.0 = Release|Any CPU
		{C06D4364-1B0E-4F99-ABD1-4D62DD3B212C}.Release|ARM.ActiveCfg = Release|Any CPU
		{C06D4364-1B0E-4F99-ABD1-4D62DD3B212C}.Release|ARM.Build.0 = Release|Any CPU
		{C06D4364-1B0E-4F99-ABD1-4D62DD3B212C}.Release|ARM.Deploy.0 = Release|Any CPU
		{C06D4364-1B0E-4F99-ABD1-4D62DD3B212C}.Release|iPhone.ActiveCfg = Release|Any CPU
		{C06D4364-1B0E-4F99-ABD1-4D62DD3B212C}.Release|iPhone.Build.0 = Release|Any CPU
		{C06D4364-1B0E-4F99-ABD1-4D62DD3B212C}.Release|iPhone.Deploy.0 = Release|Any CPU
		{C06D4364-1B0E-4F99-ABD1-4D62DD3B212C}.Release|iPhoneSimulator.ActiveCfg = Release|Any CPU
		{C06D4364-1B0E-4F99-ABD1-4D62DD3B212C}.Release|iPhoneSimulator.Build.0 = Release|Any CPU
		{C06D4364-1B0E-4F99-ABD1-4D62DD3B212C}.Release|iPhoneSimulator.Deploy.0 = Release|Any CPU
		{C06D4364-1B0E-4F99-ABD1-4D62DD3B212C}.Release|x64.ActiveCfg = Release|Any CPU
		{C06D4364-1B0E-4F99-ABD1-4D62DD3B212C}.Release|x64.Build.0 = Release|Any CPU
		{C06D4364-1B0E-4F99-ABD1-4D62DD3B212C}.Release|x64.Deploy.0 = Release|Any CPU
		{C06D4364-1B0E-4F99-ABD1-4D62DD3B212C}.Release|x86.ActiveCfg = Release|Any CPU
		{C06D4364-1B0E-4F99-ABD1-4D62DD3B212C}.Release|x86.Build.0 = Release|Any CPU
		{C06D4364-1B0E-4F99-ABD1-4D62DD3B212C}.Release|x86.Deploy.0 = Release|Any CPU
		{F5456319-C408-4CD1-A3DF-91017C602CBB}.Ad-Hoc|Any CPU.ActiveCfg = Ad-Hoc|iPhone
		{F5456319-C408-4CD1-A3DF-91017C602CBB}.Ad-Hoc|ARM.ActiveCfg = Ad-Hoc|iPhoneSimulator
		{F5456319-C408-4CD1-A3DF-91017C602CBB}.Ad-Hoc|iPhone.ActiveCfg = Ad-Hoc|iPhone
		{F5456319-C408-4CD1-A3DF-91017C602CBB}.Ad-Hoc|iPhone.Build.0 = Ad-Hoc|iPhone
		{F5456319-C408-4CD1-A3DF-91017C602CBB}.Ad-Hoc|iPhoneSimulator.ActiveCfg = Ad-Hoc|iPhoneSimulator
		{F5456319-C408-4CD1-A3DF-91017C602CBB}.Ad-Hoc|iPhoneSimulator.Build.0 = Ad-Hoc|iPhoneSimulator
		{F5456319-C408-4CD1-A3DF-91017C602CBB}.Ad-Hoc|x64.ActiveCfg = Ad-Hoc|iPhoneSimulator
		{F5456319-C408-4CD1-A3DF-91017C602CBB}.Ad-Hoc|x86.ActiveCfg = Ad-Hoc|iPhoneSimulator
		{F5456319-C408-4CD1-A3DF-91017C602CBB}.AppStore|Any CPU.ActiveCfg = AppStore|iPhone
		{F5456319-C408-4CD1-A3DF-91017C602CBB}.AppStore|ARM.ActiveCfg = AppStore|iPhoneSimulator
		{F5456319-C408-4CD1-A3DF-91017C602CBB}.AppStore|iPhone.ActiveCfg = AppStore|iPhone
		{F5456319-C408-4CD1-A3DF-91017C602CBB}.AppStore|iPhone.Build.0 = AppStore|iPhone
		{F5456319-C408-4CD1-A3DF-91017C602CBB}.AppStore|iPhoneSimulator.ActiveCfg = AppStore|iPhoneSimulator
		{F5456319-C408-4CD1-A3DF-91017C602CBB}.AppStore|iPhoneSimulator.Build.0 = AppStore|iPhoneSimulator
		{F5456319-C408-4CD1-A3DF-91017C602CBB}.AppStore|x64.ActiveCfg = AppStore|iPhoneSimulator
		{F5456319-C408-4CD1-A3DF-91017C602CBB}.AppStore|x86.ActiveCfg = AppStore|iPhoneSimulator
		{F5456319-C408-4CD1-A3DF-91017C602CBB}.Debug|Any CPU.ActiveCfg = Debug|iPhone
		{F5456319-C408-4CD1-A3DF-91017C602CBB}.Debug|ARM.ActiveCfg = Debug|iPhoneSimulator
		{F5456319-C408-4CD1-A3DF-91017C602CBB}.Debug|iPhone.ActiveCfg = Debug|iPhone
		{F5456319-C408-4CD1-A3DF-91017C602CBB}.Debug|iPhone.Build.0 = Debug|iPhone
		{F5456319-C408-4CD1-A3DF-91017C602CBB}.Debug|iPhoneSimulator.ActiveCfg = Debug|iPhoneSimulator
		{F5456319-C408-4CD1-A3DF-91017C602CBB}.Debug|iPhoneSimulator.Build.0 = Debug|iPhoneSimulator
		{F5456319-C408-4CD1-A3DF-91017C602CBB}.Debug|x64.ActiveCfg = Debug|iPhoneSimulator
		{F5456319-C408-4CD1-A3DF-91017C602CBB}.Debug|x86.ActiveCfg = Debug|iPhoneSimulator
		{F5456319-C408-4CD1-A3DF-91017C602CBB}.Debug|x86.Build.0 = Debug|iPhoneSimulator
		{F5456319-C408-4CD1-A3DF-91017C602CBB}.Release|Any CPU.ActiveCfg = Release|iPhone
		{F5456319-C408-4CD1-A3DF-91017C602CBB}.Release|ARM.ActiveCfg = Release|iPhoneSimulator
		{F5456319-C408-4CD1-A3DF-91017C602CBB}.Release|iPhone.ActiveCfg = Release|iPhone
		{F5456319-C408-4CD1-A3DF-91017C602CBB}.Release|iPhone.Build.0 = Release|iPhone
		{F5456319-C408-4CD1-A3DF-91017C602CBB}.Release|iPhoneSimulator.ActiveCfg = Release|iPhoneSimulator
		{F5456319-C408-4CD1-A3DF-91017C602CBB}.Release|iPhoneSimulator.Build.0 = Release|iPhoneSimulator
		{F5456319-C408-4CD1-A3DF-91017C602CBB}.Release|x64.ActiveCfg = Release|iPhoneSimulator
		{F5456319-C408-4CD1-A3DF-91017C602CBB}.Release|x86.ActiveCfg = Release|iPhoneSimulator
		{9FC07A4C-CFB8-4F5E-929F-9DCB90B85804}.Ad-Hoc|Any CPU.ActiveCfg = Release|x64
		{9FC07A4C-CFB8-4F5E-929F-9DCB90B85804}.Ad-Hoc|Any CPU.Build.0 = Release|x64
		{9FC07A4C-CFB8-4F5E-929F-9DCB90B85804}.Ad-Hoc|Any CPU.Deploy.0 = Release|x64
		{9FC07A4C-CFB8-4F5E-929F-9DCB90B85804}.Ad-Hoc|ARM.ActiveCfg = Release|ARM
		{9FC07A4C-CFB8-4F5E-929F-9DCB90B85804}.Ad-Hoc|ARM.Build.0 = Release|ARM
		{9FC07A4C-CFB8-4F5E-929F-9DCB90B85804}.Ad-Hoc|ARM.Deploy.0 = Release|ARM
		{9FC07A4C-CFB8-4F5E-929F-9DCB90B85804}.Ad-Hoc|iPhone.ActiveCfg = Release|x64
		{9FC07A4C-CFB8-4F5E-929F-9DCB90B85804}.Ad-Hoc|iPhone.Build.0 = Release|x64
		{9FC07A4C-CFB8-4F5E-929F-9DCB90B85804}.Ad-Hoc|iPhone.Deploy.0 = Release|x64
		{9FC07A4C-CFB8-4F5E-929F-9DCB90B85804}.Ad-Hoc|iPhoneSimulator.ActiveCfg = Release|x64
		{9FC07A4C-CFB8-4F5E-929F-9DCB90B85804}.Ad-Hoc|iPhoneSimulator.Build.0 = Release|x64
		{9FC07A4C-CFB8-4F5E-929F-9DCB90B85804}.Ad-Hoc|iPhoneSimulator.Deploy.0 = Release|x64
		{9FC07A4C-CFB8-4F5E-929F-9DCB90B85804}.Ad-Hoc|x64.ActiveCfg = Release|x64
		{9FC07A4C-CFB8-4F5E-929F-9DCB90B85804}.Ad-Hoc|x64.Build.0 = Release|x64
		{9FC07A4C-CFB8-4F5E-929F-9DCB90B85804}.Ad-Hoc|x64.Deploy.0 = Release|x64
		{9FC07A4C-CFB8-4F5E-929F-9DCB90B85804}.Ad-Hoc|x86.ActiveCfg = Release|x86
		{9FC07A4C-CFB8-4F5E-929F-9DCB90B85804}.Ad-Hoc|x86.Build.0 = Release|x86
		{9FC07A4C-CFB8-4F5E-929F-9DCB90B85804}.Ad-Hoc|x86.Deploy.0 = Release|x86
		{9FC07A4C-CFB8-4F5E-929F-9DCB90B85804}.AppStore|Any CPU.ActiveCfg = Release|x64
		{9FC07A4C-CFB8-4F5E-929F-9DCB90B85804}.AppStore|Any CPU.Build.0 = Release|x64
		{9FC07A4C-CFB8-4F5E-929F-9DCB90B85804}.AppStore|Any CPU.Deploy.0 = Release|x64
		{9FC07A4C-CFB8-4F5E-929F-9DCB90B85804}.AppStore|ARM.ActiveCfg = Release|ARM
		{9FC07A4C-CFB8-4F5E-929F-9DCB90B85804}.AppStore|ARM.Build.0 = Release|ARM
		{9FC07A4C-CFB8-4F5E-929F-9DCB90B85804}.AppStore|ARM.Deploy.0 = Release|ARM
		{9FC07A4C-CFB8-4F5E-929F-9DCB90B85804}.AppStore|iPhone.ActiveCfg = Release|x64
		{9FC07A4C-CFB8-4F5E-929F-9DCB90B85804}.AppStore|iPhone.Build.0 = Release|x64
		{9FC07A4C-CFB8-4F5E-929F-9DCB90B85804}.AppStore|iPhone.Deploy.0 = Release|x64
		{9FC07A4C-CFB8-4F5E-929F-9DCB90B85804}.AppStore|iPhoneSimulator.ActiveCfg = Release|x64
		{9FC07A4C-CFB8-4F5E-929F-9DCB90B85804}.AppStore|iPhoneSimulator.Build.0 = Release|x64
		{9FC07A4C-CFB8-4F5E-929F-9DCB90B85804}.AppStore|iPhoneSimulator.Deploy.0 = Release|x64
		{9FC07A4C-CFB8-4F5E-929F-9DCB90B85804}.AppStore|x64.ActiveCfg = Release|x64
		{9FC07A4C-CFB8-4F5E-929F-9DCB90B85804}.AppStore|x64.Build.0 = Release|x64
		{9FC07A4C-CFB8-4F5E-929F-9DCB90B85804}.AppStore|x64.Deploy.0 = Release|x64
		{9FC07A4C-CFB8-4F5E-929F-9DCB90B85804}.AppStore|x86.ActiveCfg = Release|x86
		{9FC07A4C-CFB8-4F5E-929F-9DCB90B85804}.AppStore|x86.Build.0 = Release|x86
		{9FC07A4C-CFB8-4F5E-929F-9DCB90B85804}.AppStore|x86.Deploy.0 = Release|x86
		{9FC07A4C-CFB8-4F5E-929F-9DCB90B85804}.Debug|Any CPU.ActiveCfg = Debug|x86
		{9FC07A4C-CFB8-4F5E-929F-9DCB90B85804}.Debug|Any CPU.Build.0 = Debug|x86
		{9FC07A4C-CFB8-4F5E-929F-9DCB90B85804}.Debug|Any CPU.Deploy.0 = Debug|x86
		{9FC07A4C-CFB8-4F5E-929F-9DCB90B85804}.Debug|ARM.ActiveCfg = Debug|ARM
		{9FC07A4C-CFB8-4F5E-929F-9DCB90B85804}.Debug|ARM.Build.0 = Debug|ARM
		{9FC07A4C-CFB8-4F5E-929F-9DCB90B85804}.Debug|ARM.Deploy.0 = Debug|ARM
		{9FC07A4C-CFB8-4F5E-929F-9DCB90B85804}.Debug|iPhone.ActiveCfg = Debug|x86
		{9FC07A4C-CFB8-4F5E-929F-9DCB90B85804}.Debug|iPhoneSimulator.ActiveCfg = Debug|ARM
		{9FC07A4C-CFB8-4F5E-929F-9DCB90B85804}.Debug|iPhoneSimulator.Build.0 = Debug|ARM
		{9FC07A4C-CFB8-4F5E-929F-9DCB90B85804}.Debug|iPhoneSimulator.Deploy.0 = Debug|ARM
		{9FC07A4C-CFB8-4F5E-929F-9DCB90B85804}.Debug|x64.ActiveCfg = Debug|x64
		{9FC07A4C-CFB8-4F5E-929F-9DCB90B85804}.Debug|x64.Build.0 = Debug|x64
		{9FC07A4C-CFB8-4F5E-929F-9DCB90B85804}.Debug|x64.Deploy.0 = Debug|x64
		{9FC07A4C-CFB8-4F5E-929F-9DCB90B85804}.Debug|x86.ActiveCfg = Debug|x86
		{9FC07A4C-CFB8-4F5E-929F-9DCB90B85804}.Debug|x86.Build.0 = Debug|x86
		{9FC07A4C-CFB8-4F5E-929F-9DCB90B85804}.Debug|x86.Deploy.0 = Debug|x86
		{9FC07A4C-CFB8-4F5E-929F-9DCB90B85804}.Release|Any CPU.ActiveCfg = Release|x86
		{9FC07A4C-CFB8-4F5E-929F-9DCB90B85804}.Release|ARM.ActiveCfg = Release|ARM
		{9FC07A4C-CFB8-4F5E-929F-9DCB90B85804}.Release|ARM.Build.0 = Release|ARM
		{9FC07A4C-CFB8-4F5E-929F-9DCB90B85804}.Release|ARM.Deploy.0 = Release|ARM
		{9FC07A4C-CFB8-4F5E-929F-9DCB90B85804}.Release|iPhone.ActiveCfg = Release|x86
		{9FC07A4C-CFB8-4F5E-929F-9DCB90B85804}.Release|iPhoneSimulator.ActiveCfg = Release|x86
		{9FC07A4C-CFB8-4F5E-929F-9DCB90B85804}.Release|x64.ActiveCfg = Release|x64
		{9FC07A4C-CFB8-4F5E-929F-9DCB90B85804}.Release|x64.Build.0 = Release|x64
		{9FC07A4C-CFB8-4F5E-929F-9DCB90B85804}.Release|x64.Deploy.0 = Release|x64
		{9FC07A4C-CFB8-4F5E-929F-9DCB90B85804}.Release|x86.ActiveCfg = Release|x86
		{9FC07A4C-CFB8-4F5E-929F-9DCB90B85804}.Release|x86.Build.0 = Release|x86
		{9FC07A4C-CFB8-4F5E-929F-9DCB90B85804}.Release|x86.Deploy.0 = Release|x86
		{84189EE3-AD01-4207-A355-4C1867B773B4}.Ad-Hoc|Any CPU.ActiveCfg = Release|Any CPU
		{84189EE3-AD01-4207-A355-4C1867B773B4}.Ad-Hoc|Any CPU.Build.0 = Release|Any CPU
		{84189EE3-AD01-4207-A355-4C1867B773B4}.Ad-Hoc|ARM.ActiveCfg = Release|Any CPU
		{84189EE3-AD01-4207-A355-4C1867B773B4}.Ad-Hoc|ARM.Build.0 = Release|Any CPU
		{84189EE3-AD01-4207-A355-4C1867B773B4}.Ad-Hoc|iPhone.ActiveCfg = Release|Any CPU
		{84189EE3-AD01-4207-A355-4C1867B773B4}.Ad-Hoc|iPhone.Build.0 = Release|Any CPU
		{84189EE3-AD01-4207-A355-4C1867B773B4}.Ad-Hoc|iPhoneSimulator.ActiveCfg = Release|Any CPU
		{84189EE3-AD01-4207-A355-4C1867B773B4}.Ad-Hoc|iPhoneSimulator.Build.0 = Release|Any CPU
		{84189EE3-AD01-4207-A355-4C1867B773B4}.Ad-Hoc|x64.ActiveCfg = Release|Any CPU
		{84189EE3-AD01-4207-A355-4C1867B773B4}.Ad-Hoc|x64.Build.0 = Release|Any CPU
		{84189EE3-AD01-4207-A355-4C1867B773B4}.Ad-Hoc|x86.ActiveCfg = Release|Any CPU
		{84189EE3-AD01-4207-A355-4C1867B773B4}.Ad-Hoc|x86.Build.0 = Release|Any CPU
		{84189EE3-AD01-4207-A355-4C1867B773B4}.AppStore|Any CPU.ActiveCfg = Release|Any CPU
		{84189EE3-AD01-4207-A355-4C1867B773B4}.AppStore|Any CPU.Build.0 = Release|Any CPU
		{84189EE3-AD01-4207-A355-4C1867B773B4}.AppStore|ARM.ActiveCfg = Release|Any CPU
		{84189EE3-AD01-4207-A355-4C1867B773B4}.AppStore|ARM.Build.0 = Release|Any CPU
		{84189EE3-AD01-4207-A355-4C1867B773B4}.AppStore|iPhone.ActiveCfg = Release|Any CPU
		{84189EE3-AD01-4207-A355-4C1867B773B4}.AppStore|iPhone.Build.0 = Release|Any CPU
		{84189EE3-AD01-4207-A355-4C1867B773B4}.AppStore|iPhoneSimulator.ActiveCfg = Release|Any CPU
		{84189EE3-AD01-4207-A355-4C1867B773B4}.AppStore|iPhoneSimulator.Build.0 = Release|Any CPU
		{84189EE3-AD01-4207-A355-4C1867B773B4}.AppStore|x64.ActiveCfg = Release|Any CPU
		{84189EE3-AD01-4207-A355-4C1867B773B4}.AppStore|x64.Build.0 = Release|Any CPU
		{84189EE3-AD01-4207-A355-4C1867B773B4}.AppStore|x86.ActiveCfg = Release|Any CPU
		{84189EE3-AD01-4207-A355-4C1867B773B4}.AppStore|x86.Build.0 = Release|Any CPU
		{84189EE3-AD01-4207-A355-4C1867B773B4}.Debug|Any CPU.ActiveCfg = Debug|Any CPU
		{84189EE3-AD01-4207-A355-4C1867B773B4}.Debug|Any CPU.Build.0 = Debug|Any CPU
		{84189EE3-AD01-4207-A355-4C1867B773B4}.Debug|ARM.ActiveCfg = Debug|Any CPU
		{84189EE3-AD01-4207-A355-4C1867B773B4}.Debug|ARM.Build.0 = Debug|Any CPU
		{84189EE3-AD01-4207-A355-4C1867B773B4}.Debug|iPhone.ActiveCfg = Debug|Any CPU
		{84189EE3-AD01-4207-A355-4C1867B773B4}.Debug|iPhone.Build.0 = Debug|Any CPU
		{84189EE3-AD01-4207-A355-4C1867B773B4}.Debug|iPhoneSimulator.ActiveCfg = Debug|Any CPU
		{84189EE3-AD01-4207-A355-4C1867B773B4}.Debug|iPhoneSimulator.Build.0 = Debug|Any CPU
		{84189EE3-AD01-4207-A355-4C1867B773B4}.Debug|x64.ActiveCfg = Debug|Any CPU
		{84189EE3-AD01-4207-A355-4C1867B773B4}.Debug|x64.Build.0 = Debug|Any CPU
		{84189EE3-AD01-4207-A355-4C1867B773B4}.Debug|x86.ActiveCfg = Debug|Any CPU
		{84189EE3-AD01-4207-A355-4C1867B773B4}.Debug|x86.Build.0 = Debug|Any CPU
		{84189EE3-AD01-4207-A355-4C1867B773B4}.Release|Any CPU.ActiveCfg = Release|Any CPU
		{84189EE3-AD01-4207-A355-4C1867B773B4}.Release|Any CPU.Build.0 = Release|Any CPU
		{84189EE3-AD01-4207-A355-4C1867B773B4}.Release|ARM.ActiveCfg = Release|Any CPU
		{84189EE3-AD01-4207-A355-4C1867B773B4}.Release|ARM.Build.0 = Release|Any CPU
		{84189EE3-AD01-4207-A355-4C1867B773B4}.Release|iPhone.ActiveCfg = Release|Any CPU
		{84189EE3-AD01-4207-A355-4C1867B773B4}.Release|iPhone.Build.0 = Release|Any CPU
		{84189EE3-AD01-4207-A355-4C1867B773B4}.Release|iPhoneSimulator.ActiveCfg = Release|Any CPU
		{84189EE3-AD01-4207-A355-4C1867B773B4}.Release|iPhoneSimulator.Build.0 = Release|Any CPU
		{84189EE3-AD01-4207-A355-4C1867B773B4}.Release|x64.ActiveCfg = Release|Any CPU
		{84189EE3-AD01-4207-A355-4C1867B773B4}.Release|x64.Build.0 = Release|Any CPU
		{84189EE3-AD01-4207-A355-4C1867B773B4}.Release|x86.ActiveCfg = Release|Any CPU
		{84189EE3-AD01-4207-A355-4C1867B773B4}.Release|x86.Build.0 = Release|Any CPU
	EndGlobalSection
	GlobalSection(SolutionProperties) = preSolution
		HideSolutionNode = FALSE
	EndGlobalSection
EndGlobal
